
Microsoft Visual Studio Solution File, Format Version 12.00
# Visual Studio Version 16
VisualStudioVersion = 16.0.30804.86
MinimumVisualStudioVersion = 10.0.40219.1
Project("{FAE04EC0-301F-11D3-BF4B-00C04F79EFBC}") = "DeleteDir", "DeleteDir\DeleteDir.csproj", "{727BA71D-D44C-4D45-AF61-522C2BE1C703}"
EndProject
Global
	GlobalSection(SolutionConfigurationPlatforms) = preSolution
		Debug|Any CPU = Debug|Any CPU
		Release|Any CPU = Release|Any CPU
	EndGlobalSection
	GlobalSection(ProjectConfigurationPlatforms) = postSolution
		{727BA71D-D44C-4D45-AF61-522C2BE1C703}.Debug|Any CPU.ActiveCfg = Debug|Any CPU
		{727BA71D-D44C-4D45-AF61-522C2BE1C703}.Debug|Any CPU.Build.0 = Debug|Any CPU
		{727BA71D-D44C-4D45-AF61-522C2BE1C703}.Release|Any CPU.ActiveCfg = Release|Any CPU
		{727BA71D-D44C-4D45-AF61-522C2BE1C703}.Release|Any CPU.Build.0 = Release|Any CPU
	EndGlobalSection
	GlobalSection(SolutionProperties) = preSolution
		HideSolutionNode = FALSE
	EndGlobalSection
	GlobalSection(ExtensibilityGlobals) = postSolution
		SolutionGuid = {1E9525B3-1F04-45EE-84B0-E8A5CD793054}
	EndGlobalSection
EndGlobal
