
Microsoft Visual Studio Solution File, Format Version 12.00
# Visual Studio Version 16
VisualStudioVersion = 16.0.30804.86
MinimumVisualStudioVersion = 10.0.40219.1
Project("{FAE04EC0-301F-11D3-BF4B-00C04F79EFBC}") = "WindowsService2", "WindowsService2\WindowsService2.csproj", "{96545DC3-DE24-4D75-A749-F4462DCACDAB}"
EndProject
Global
	GlobalSection(SolutionConfigurationPlatforms) = preSolution
		Debug|Any CPU = Debug|Any CPU
		Release|Any CPU = Release|Any CPU
	EndGlobalSection
	GlobalSection(ProjectConfigurationPlatforms) = postSolution
		{96545DC3-DE24-4D75-A749-F4462DCACDAB}.Debug|Any CPU.ActiveCfg = Debug|Any CPU
		{96545DC3-DE24-4D75-A749-F4462DCACDAB}.Debug|Any CPU.Build.0 = Debug|Any CPU
		{96545DC3-DE24-4D75-A749-F4462DCACDAB}.Release|Any CPU.ActiveCfg = Release|Any CPU
		{96545DC3-DE24-4D75-A749-F4462DCACDAB}.Release|Any CPU.Build.0 = Release|Any CPU
	EndGlobalSection
	GlobalSection(SolutionProperties) = preSolution
		HideSolutionNode = FALSE
	EndGlobalSection
	GlobalSection(ExtensibilityGlobals) = postSolution
		SolutionGuid = {25D9055D-7D3B-43DC-BF82-02CCD7E2B44C}
	EndGlobalSection
EndGlobal
